
Microsoft Visual Studio Solution File, Format Version 12.00
# Visual Studio Version 17
VisualStudioVersion = 17.13.35825.156 d17.13
MinimumVisualStudioVersion = 10.0.40219.1
Project("{FAE04EC0-301F-11D3-BF4B-00C04F79EFBC}") = "Todolist", "Todolist\Todolist.csproj", "{B8A5369A-07C3-4860-A375-676CE5AE8823}"
EndProject
Global
	GlobalSection(SolutionConfigurationPlatforms) = preSolution
		Debug|Any CPU = Debug|Any CPU
		Release|Any CPU = Release|Any CPU
	EndGlobalSection
	GlobalSection(ProjectConfigurationPlatforms) = postSolution
		{B8A5369A-07C3-4860-A375-676CE5AE8823}.Debug|Any CPU.ActiveCfg = Debug|Any CPU
		{B8A5369A-07C3-4860-A375-676CE5AE8823}.Debug|Any CPU.Build.0 = Debug|Any CPU
		{B8A5369A-07C3-4860-A375-676CE5AE8823}.Release|Any CPU.ActiveCfg = Release|Any CPU
		{B8A5369A-07C3-4860-A375-676CE5AE8823}.Release|Any CPU.Build.0 = Release|Any CPU
	EndGlobalSection
	GlobalSection(SolutionProperties) = preSolution
		HideSolutionNode = FALSE
	EndGlobalSection
	GlobalSection(ExtensibilityGlobals) = postSolution
		SolutionGuid = {9CDF5FB1-A5B6-460D-A404-CB0CAA5415AA}
	EndGlobalSection
EndGlobal
